
Microsoft Visual Studio Solution File, Format Version 12.00
# Visual Studio Version 17
VisualStudioVersion = 17.0.31912.275
MinimumVisualStudioVersion = 10.0.40219.1
Project("{9A19103F-16F7-4668-BE54-9A1E7A4F7556}") = "DBcon", "MvcApi\DBcon.csproj", "{C56111B4-B770-4A91-9D24-DCF7BA70B2B5}"
EndProject
Global
	GlobalSection(SolutionConfigurationPlatforms) = preSolution
		Debug|Any CPU = Debug|Any CPU
		Release|Any CPU = Release|Any CPU
	EndGlobalSection
	GlobalSection(ProjectConfigurationPlatforms) = postSolution
		{C56111B4-B770-4A91-9D24-DCF7BA70B2B5}.Debug|Any CPU.ActiveCfg = Debug|Any CPU
		{C56111B4-B770-4A91-9D24-DCF7BA70B2B5}.Debug|Any CPU.Build.0 = Debug|Any CPU
		{C56111B4-B770-4A91-9D24-DCF7BA70B2B5}.Release|Any CPU.ActiveCfg = Release|Any CPU
		{C56111B4-B770-4A91-9D24-DCF7BA70B2B5}.Release|Any CPU.Build.0 = Release|Any CPU
	EndGlobalSection
	GlobalSection(SolutionProperties) = preSolution
		HideSolutionNode = FALSE
	EndGlobalSection
	GlobalSection(ExtensibilityGlobals) = postSolution
		SolutionGuid = {4F81C695-0712-4566-8891-26CAC01740B1}
	EndGlobalSection
EndGlobal
